
Microsoft Visual Studio Solution File, Format Version 12.00
# Visual Studio Version 17
VisualStudioVersion = 17.3.32922.545
MinimumVisualStudioVersion = 10.0.40219.1
Project("{FAE04EC0-301F-11D3-BF4B-00C04F79EFBC}") = "Applicazione1CS2", "Applicazione1CS2\Applicazione1CS2.csproj", "{61B9A747-B83A-401A-92C9-572A88980664}"
EndProject
Global
	GlobalSection(SolutionConfigurationPlatforms) = preSolution
		Debug|Any CPU = Debug|Any CPU
		Release|Any CPU = Release|Any CPU
	EndGlobalSection
	GlobalSection(ProjectConfigurationPlatforms) = postSolution
		{61B9A747-B83A-401A-92C9-572A88980664}.Debug|Any CPU.ActiveCfg = Debug|Any CPU
		{61B9A747-B83A-401A-92C9-572A88980664}.Debug|Any CPU.Build.0 = Debug|Any CPU
		{61B9A747-B83A-401A-92C9-572A88980664}.Release|Any CPU.ActiveCfg = Release|Any CPU
		{61B9A747-B83A-401A-92C9-572A88980664}.Release|Any CPU.Build.0 = Release|Any CPU
	EndGlobalSection
	GlobalSection(SolutionProperties) = preSolution
		HideSolutionNode = FALSE
	EndGlobalSection
	GlobalSection(ExtensibilityGlobals) = postSolution
		SolutionGuid = {CCE4AB14-1554-4D33-A533-E211DFD7D5B1}
	EndGlobalSection
EndGlobal
